
Microsoft Visual Studio Solution File, Format Version 12.00
# Visual Studio 15
VisualStudioVersion = 15.0.28307.271
MinimumVisualStudioVersion = 10.0.40219.1
Project("{8BC9CEB8-8B4A-11D0-8D11-00A0C91BC942}") = "Project", "Project\Project.vcxproj", "{67CCE9FA-4CEB-4183-9F9D-CAA967BDC6FD}"
EndProject
Global
	GlobalSection(SolutionConfigurationPlatforms) = preSolution
		Debug|x64 = Debug|x64
		Debug|x86 = Debug|x86
		Release|x64 = Release|x64
		Release|x86 = Release|x86
	EndGlobalSection
	GlobalSection(ProjectConfigurationPlatforms) = postSolution
		{67CCE9FA-4CEB-4183-9F9D-CAA967BDC6FD}.Debug|x64.ActiveCfg = Debug|x64
		{67CCE9FA-4CEB-4183-9F9D-CAA967BDC6FD}.Debug|x64.Build.0 = Debug|x64
		{67CCE9FA-4CEB-4183-9F9D-CAA967BDC6FD}.Debug|x86.ActiveCfg = Debug|Win32
		{67CCE9FA-4CEB-4183-9F9D-CAA967BDC6FD}.Debug|x86.Build.0 = Debug|Win32
		{67CCE9FA-4CEB-4183-9F9D-CAA967BDC6FD}.Release|x64.ActiveCfg = Release|x64
		{67CCE9FA-4CEB-4183-9F9D-CAA967BDC6FD}.Release|x64.Build.0 = Release|x64
		{67CCE9FA-4CEB-4183-9F9D-CAA967BDC6FD}.Release|x86.ActiveCfg = Release|Win32
		{67CCE9FA-4CEB-4183-9F9D-CAA967BDC6FD}.Release|x86.Build.0 = Release|Win32
	EndGlobalSection
	GlobalSection(SolutionProperties) = preSolution
		HideSolutionNode = FALSE
	EndGlobalSection
	GlobalSection(ExtensibilityGlobals) = postSolution
		SolutionGuid = {3805F429-2675-4DD6-92CE-8FE153E2A4CC}
	EndGlobalSection
EndGlobal
